
Microsoft Visual Studio Solution File, Format Version 12.00
# Visual Studio Version 16
VisualStudioVersion = 16.0.31205.134
MinimumVisualStudioVersion = 10.0.40219.1
Project("{FAE04EC0-301F-11D3-BF4B-00C04F79EFBC}") = "BM102Projesi_UcakBiletiOtomasyonu", "WindowsFormsApp2\BM102Projesi_UcakBiletiOtomasyonu.csproj", "{A853A8F3-65D7-49D8-BBDE-1436FFE7B2D8}"
EndProject
Global
	GlobalSection(SolutionConfigurationPlatforms) = preSolution
		Debug|Any CPU = Debug|Any CPU
		Release|Any CPU = Release|Any CPU
	EndGlobalSection
	GlobalSection(ProjectConfigurationPlatforms) = postSolution
		{A853A8F3-65D7-49D8-BBDE-1436FFE7B2D8}.Debug|Any CPU.ActiveCfg = Debug|Any CPU
		{A853A8F3-65D7-49D8-BBDE-1436FFE7B2D8}.Debug|Any CPU.Build.0 = Debug|Any CPU
		{A853A8F3-65D7-49D8-BBDE-1436FFE7B2D8}.Release|Any CPU.ActiveCfg = Release|Any CPU
		{A853A8F3-65D7-49D8-BBDE-1436FFE7B2D8}.Release|Any CPU.Build.0 = Release|Any CPU
	EndGlobalSection
	GlobalSection(SolutionProperties) = preSolution
		HideSolutionNode = FALSE
	EndGlobalSection
	GlobalSection(ExtensibilityGlobals) = postSolution
		SolutionGuid = {06522EDF-4C84-4F64-8EAB-C153BC4C8531}
	EndGlobalSection
EndGlobal
